
Microsoft Visual Studio Solution File, Format Version 12.00
# Visual Studio Version 17
VisualStudioVersion = 17.2.32602.215
MinimumVisualStudioVersion = 10.0.40219.1
Project("{FAE04EC0-301F-11D3-BF4B-00C04F79EFBC}") = "MarkSheet", "MarkSheet\MarkSheet.csproj", "{535E13EF-0A69-4E1A-BE16-819BCD97412A}"
EndProject
Global
	GlobalSection(SolutionConfigurationPlatforms) = preSolution
		Debug|Any CPU = Debug|Any CPU
		Release|Any CPU = Release|Any CPU
	EndGlobalSection
	GlobalSection(ProjectConfigurationPlatforms) = postSolution
		{535E13EF-0A69-4E1A-BE16-819BCD97412A}.Debug|Any CPU.ActiveCfg = Debug|Any CPU
		{535E13EF-0A69-4E1A-BE16-819BCD97412A}.Debug|Any CPU.Build.0 = Debug|Any CPU
		{535E13EF-0A69-4E1A-BE16-819BCD97412A}.Release|Any CPU.ActiveCfg = Release|Any CPU
		{535E13EF-0A69-4E1A-BE16-819BCD97412A}.Release|Any CPU.Build.0 = Release|Any CPU
	EndGlobalSection
	GlobalSection(SolutionProperties) = preSolution
		HideSolutionNode = FALSE
	EndGlobalSection
	GlobalSection(ExtensibilityGlobals) = postSolution
		SolutionGuid = {32E31E1F-E032-4FA8-B4E3-6A08158020A4}
	EndGlobalSection
EndGlobal
